
Microsoft Visual Studio Solution File, Format Version 12.00
# Visual Studio 14
VisualStudioVersion = 14.0.25420.1
MinimumVisualStudioVersion = 10.0.40219.1
Project("{8BC9CEB8-8B4A-11D0-8D11-00A0C91BC942}") = "LinearList", "LinearList\LinearList.vcxproj", "{A25ACF5E-F12B-4B43-80C0-6CBECD646783}"
EndProject
Project("{8BC9CEB8-8B4A-11D0-8D11-00A0C91BC942}") = "Stack", "Stack\Stack.vcxproj", "{1643BF1F-A0FD-40B5-9ED1-0A0C75014FFC}"
EndProject
Project("{8BC9CEB8-8B4A-11D0-8D11-00A0C91BC942}") = "Queue", "Queue\Queue.vcxproj", "{CDEAFD78-E059-489E-B2CD-15E0E74C22D7}"
EndProject
Project("{8BC9CEB8-8B4A-11D0-8D11-00A0C91BC942}") = "BinaryTree", "BinaryTree\BinaryTree.vcxproj", "{6889A79B-03AC-435F-AB1B-E39093CB9A43}"
EndProject
Global
	GlobalSection(SolutionConfigurationPlatforms) = preSolution
		Debug|Mixed Platforms = Debug|Mixed Platforms
		Debug|Win32 = Debug|Win32
		Debug|x64 = Debug|x64
		Debug|x86 = Debug|x86
		Release|Mixed Platforms = Release|Mixed Platforms
		Release|Win32 = Release|Win32
		Release|x64 = Release|x64
		Release|x86 = Release|x86
	EndGlobalSection
	GlobalSection(ProjectConfigurationPlatforms) = postSolution
		{A25ACF5E-F12B-4B43-80C0-6CBECD646783}.Debug|Mixed Platforms.ActiveCfg = Debug|Win32
		{A25ACF5E-F12B-4B43-80C0-6CBECD646783}.Debug|Mixed Platforms.Build.0 = Debug|Win32
		{A25ACF5E-F12B-4B43-80C0-6CBECD646783}.Debug|Win32.ActiveCfg = Debug|Win32
		{A25ACF5E-F12B-4B43-80C0-6CBECD646783}.Debug|Win32.Build.0 = Debug|Win32
		{A25ACF5E-F12B-4B43-80C0-6CBECD646783}.Debug|x64.ActiveCfg = Debug|x64
		{A25ACF5E-F12B-4B43-80C0-6CBECD646783}.Debug|x64.Build.0 = Debug|x64
		{A25ACF5E-F12B-4B43-80C0-6CBECD646783}.Debug|x86.ActiveCfg = Debug|Win32
		{A25ACF5E-F12B-4B43-80C0-6CBECD646783}.Debug|x86.Build.0 = Debug|Win32
		{A25ACF5E-F12B-4B43-80C0-6CBECD646783}.Release|Mixed Platforms.ActiveCfg = Release|Win32
		{A25ACF5E-F12B-4B43-80C0-6CBECD646783}.Release|Mixed Platforms.Build.0 = Release|Win32
		{A25ACF5E-F12B-4B43-80C0-6CBECD646783}.Release|Win32.ActiveCfg = Release|Win32
		{A25ACF5E-F12B-4B43-80C0-6CBECD646783}.Release|Win32.Build.0 = Release|Win32
		{A25ACF5E-F12B-4B43-80C0-6CBECD646783}.Release|x64.ActiveCfg = Release|x64
		{A25ACF5E-F12B-4B43-80C0-6CBECD646783}.Release|x64.Build.0 = Release|x64
		{A25ACF5E-F12B-4B43-80C0-6CBECD646783}.Release|x86.ActiveCfg = Release|Win32
		{A25ACF5E-F12B-4B43-80C0-6CBECD646783}.Release|x86.Build.0 = Release|Win32
		{1643BF1F-A0FD-40B5-9ED1-0A0C75014FFC}.Debug|Mixed Platforms.ActiveCfg = Debug|Win32
		{1643BF1F-A0FD-40B5-9ED1-0A0C75014FFC}.Debug|Mixed Platforms.Build.0 = Debug|Win32
		{1643BF1F-A0FD-40B5-9ED1-0A0C75014FFC}.Debug|Win32.ActiveCfg = Debug|Win32
		{1643BF1F-A0FD-40B5-9ED1-0A0C75014FFC}.Debug|Win32.Build.0 = Debug|Win32
		{1643BF1F-A0FD-40B5-9ED1-0A0C75014FFC}.Debug|x64.ActiveCfg = Debug|Win32
		{1643BF1F-A0FD-40B5-9ED1-0A0C75014FFC}.Debug|x86.ActiveCfg = Debug|Win32
		{1643BF1F-A0FD-40B5-9ED1-0A0C75014FFC}.Debug|x86.Build.0 = Debug|Win32
		{1643BF1F-A0FD-40B5-9ED1-0A0C75014FFC}.Release|Mixed Platforms.ActiveCfg = Release|Win32
		{1643BF1F-A0FD-40B5-9ED1-0A0C75014FFC}.Release|Mixed Platforms.Build.0 = Release|Win32
		{1643BF1F-A0FD-40B5-9ED1-0A0C75014FFC}.Release|Win32.ActiveCfg = Release|Win32
		{1643BF1F-A0FD-40B5-9ED1-0A0C75014FFC}.Release|Win32.Build.0 = Release|Win32
		{1643BF1F-A0FD-40B5-9ED1-0A0C75014FFC}.Release|x64.ActiveCfg = Release|Win32
		{1643BF1F-A0FD-40B5-9ED1-0A0C75014FFC}.Release|x86.ActiveCfg = Release|Win32
		{1643BF1F-A0FD-40B5-9ED1-0A0C75014FFC}.Release|x86.Build.0 = Release|Win32
		{CDEAFD78-E059-489E-B2CD-15E0E74C22D7}.Debug|Mixed Platforms.ActiveCfg = Debug|Win32
		{CDEAFD78-E059-489E-B2CD-15E0E74C22D7}.Debug|Mixed Platforms.Build.0 = Debug|Win32
		{CDEAFD78-E059-489E-B2CD-15E0E74C22D7}.Debug|Win32.ActiveCfg = Debug|Win32
		{CDEAFD78-E059-489E-B2CD-15E0E74C22D7}.Debug|Win32.Build.0 = Debug|Win32
		{CDEAFD78-E059-489E-B2CD-15E0E74C22D7}.Debug|x64.ActiveCfg = Debug|Win32
		{CDEAFD78-E059-489E-B2CD-15E0E74C22D7}.Debug|x86.ActiveCfg = Debug|Win32
		{CDEAFD78-E059-489E-B2CD-15E0E74C22D7}.Debug|x86.Build.0 = Debug|Win32
		{CDEAFD78-E059-489E-B2CD-15E0E74C22D7}.Release|Mixed Platforms.ActiveCfg = Release|Win32
		{CDEAFD78-E059-489E-B2CD-15E0E74C22D7}.Release|Mixed Platforms.Build.0 = Release|Win32
		{CDEAFD78-E059-489E-B2CD-15E0E74C22D7}.Release|Win32.ActiveCfg = Release|Win32
		{CDEAFD78-E059-489E-B2CD-15E0E74C22D7}.Release|Win32.Build.0 = Release|Win32
		{CDEAFD78-E059-489E-B2CD-15E0E74C22D7}.Release|x64.ActiveCfg = Release|Win32
		{CDEAFD78-E059-489E-B2CD-15E0E74C22D7}.Release|x86.ActiveCfg = Release|Win32
		{CDEAFD78-E059-489E-B2CD-15E0E74C22D7}.Release|x86.Build.0 = Release|Win32
		{6889A79B-03AC-435F-AB1B-E39093CB9A43}.Debug|Mixed Platforms.ActiveCfg = Debug|Win32
		{6889A79B-03AC-435F-AB1B-E39093CB9A43}.Debug|Mixed Platforms.Build.0 = Debug|Win32
		{6889A79B-03AC-435F-AB1B-E39093CB9A43}.Debug|Win32.ActiveCfg = Debug|Win32
		{6889A79B-03AC-435F-AB1B-E39093CB9A43}.Debug|Win32.Build.0 = Debug|Win32
		{6889A79B-03AC-435F-AB1B-E39093CB9A43}.Debug|x64.ActiveCfg = Debug|x64
		{6889A79B-03AC-435F-AB1B-E39093CB9A43}.Debug|x64.Build.0 = Debug|x64
		{6889A79B-03AC-435F-AB1B-E39093CB9A43}.Debug|x86.ActiveCfg = Debug|Win32
		{6889A79B-03AC-435F-AB1B-E39093CB9A43}.Debug|x86.Build.0 = Debug|Win32
		{6889A79B-03AC-435F-AB1B-E39093CB9A43}.Release|Mixed Platforms.ActiveCfg = Release|Win32
		{6889A79B-03AC-435F-AB1B-E39093CB9A43}.Release|Mixed Platforms.Build.0 = Release|Win32
		{6889A79B-03AC-435F-AB1B-E39093CB9A43}.Release|Win32.ActiveCfg = Release|Win32
		{6889A79B-03AC-435F-AB1B-E39093CB9A43}.Release|Win32.Build.0 = Release|Win32
		{6889A79B-03AC-435F-AB1B-E39093CB9A43}.Release|x64.ActiveCfg = Release|x64
		{6889A79B-03AC-435F-AB1B-E39093CB9A43}.Release|x64.Build.0 = Release|x64
		{6889A79B-03AC-435F-AB1B-E39093CB9A43}.Release|x86.ActiveCfg = Release|Win32
		{6889A79B-03AC-435F-AB1B-E39093CB9A43}.Release|x86.Build.0 = Release|Win32
	EndGlobalSection
	GlobalSection(SolutionProperties) = preSolution
		HideSolutionNode = FALSE
	EndGlobalSection
EndGlobal
